
Microsoft Visual Studio Solution File, Format Version 12.00
# Visual Studio Version 17
VisualStudioVersion = 17.13.35931.197 d17.13
MinimumVisualStudioVersion = 10.0.40219.1
Project("{FAE04EC0-301F-11D3-BF4B-00C04F79EFBC}") = "BackendW2Proj", "BackendW2Proj\BackendW2Proj.csproj", "{83BB2611-6990-4762-BD4B-5D2ECC1ABE73}"
EndProject
Global
	GlobalSection(SolutionConfigurationPlatforms) = preSolution
		Debug|Any CPU = Debug|Any CPU
		Release|Any CPU = Release|Any CPU
	EndGlobalSection
	GlobalSection(ProjectConfigurationPlatforms) = postSolution
		{83BB2611-6990-4762-BD4B-5D2ECC1ABE73}.Debug|Any CPU.ActiveCfg = Debug|Any CPU
		{83BB2611-6990-4762-BD4B-5D2ECC1ABE73}.Debug|Any CPU.Build.0 = Debug|Any CPU
		{83BB2611-6990-4762-BD4B-5D2ECC1ABE73}.Release|Any CPU.ActiveCfg = Release|Any CPU
		{83BB2611-6990-4762-BD4B-5D2ECC1ABE73}.Release|Any CPU.Build.0 = Release|Any CPU
	EndGlobalSection
	GlobalSection(SolutionProperties) = preSolution
		HideSolutionNode = FALSE
	EndGlobalSection
	GlobalSection(ExtensibilityGlobals) = postSolution
		SolutionGuid = {8ACAB4D4-1CAA-42D7-A046-5ADE6F00CE6D}
	EndGlobalSection
EndGlobal
